
Microsoft Visual Studio Solution File, Format Version 12.00
# Visual Studio Version 17
VisualStudioVersion = 17.13.35828.75
MinimumVisualStudioVersion = 10.0.40219.1
Project("{FAE04EC0-301F-11D3-BF4B-00C04F79EFBC}") = "web_iot_base", "web_iot_base.csproj", "{5143F300-475E-42B7-91C5-C409AB675507}"
EndProject
Project("{FAE04EC0-301F-11D3-BF4B-00C04F79EFBC}") = "BusinessLayer", "..\BusinessLayer\BusinessLayer.csproj", "{0F94CC8F-AF03-4DB3-A155-40D2A4F58F04}"
EndProject
Project("{FAE04EC0-301F-11D3-BF4B-00C04F79EFBC}") = "DataAccessLayer", "..\DataAccessLayer\DataAccessLayer.csproj", "{F08CC198-B58F-4EAF-9CE9-E39C7246A79A}"
EndProject
Project("{FAE04EC0-301F-11D3-BF4B-00C04F79EFBC}") = "EntityLayer", "..\EntityLayer\EntityLayer.csproj", "{D8EDFBC1-2D05-4700-8215-4A4D028BF1A9}"
EndProject
Global
	GlobalSection(SolutionConfigurationPlatforms) = preSolution
		Debug|Any CPU = Debug|Any CPU
		Release|Any CPU = Release|Any CPU
	EndGlobalSection
	GlobalSection(ProjectConfigurationPlatforms) = postSolution
		{5143F300-475E-42B7-91C5-C409AB675507}.Debug|Any CPU.ActiveCfg = Debug|Any CPU
		{5143F300-475E-42B7-91C5-C409AB675507}.Debug|Any CPU.Build.0 = Debug|Any CPU
		{5143F300-475E-42B7-91C5-C409AB675507}.Release|Any CPU.ActiveCfg = Release|Any CPU
		{5143F300-475E-42B7-91C5-C409AB675507}.Release|Any CPU.Build.0 = Release|Any CPU
		{0F94CC8F-AF03-4DB3-A155-40D2A4F58F04}.Debug|Any CPU.ActiveCfg = Debug|Any CPU
		{0F94CC8F-AF03-4DB3-A155-40D2A4F58F04}.Debug|Any CPU.Build.0 = Debug|Any CPU
		{0F94CC8F-AF03-4DB3-A155-40D2A4F58F04}.Release|Any CPU.ActiveCfg = Release|Any CPU
		{0F94CC8F-AF03-4DB3-A155-40D2A4F58F04}.Release|Any CPU.Build.0 = Release|Any CPU
		{F08CC198-B58F-4EAF-9CE9-E39C7246A79A}.Debug|Any CPU.ActiveCfg = Debug|Any CPU
		{F08CC198-B58F-4EAF-9CE9-E39C7246A79A}.Debug|Any CPU.Build.0 = Debug|Any CPU
		{F08CC198-B58F-4EAF-9CE9-E39C7246A79A}.Release|Any CPU.ActiveCfg = Release|Any CPU
		{F08CC198-B58F-4EAF-9CE9-E39C7246A79A}.Release|Any CPU.Build.0 = Release|Any CPU
		{D8EDFBC1-2D05-4700-8215-4A4D028BF1A9}.Debug|Any CPU.ActiveCfg = Debug|Any CPU
		{D8EDFBC1-2D05-4700-8215-4A4D028BF1A9}.Debug|Any CPU.Build.0 = Debug|Any CPU
		{D8EDFBC1-2D05-4700-8215-4A4D028BF1A9}.Release|Any CPU.ActiveCfg = Release|Any CPU
		{D8EDFBC1-2D05-4700-8215-4A4D028BF1A9}.Release|Any CPU.Build.0 = Release|Any CPU
	EndGlobalSection
	GlobalSection(SolutionProperties) = preSolution
		HideSolutionNode = FALSE
	EndGlobalSection
	GlobalSection(ExtensibilityGlobals) = postSolution
		SolutionGuid = {F4194D48-2463-4CA2-8F0F-8C22C167B492}
	EndGlobalSection
EndGlobal
